github.com/dustin/go-humanize v1.0.1 h1:GzkhY7T5VNhEkwH0PVJgjz+fX1rhBrR7pRT3mDkpeCY=
github.com/dustin/go-humanize v1.0.1/go.mod h1:Mu1zIs6XwVuF/gI1OepvI0qD18qycQx+mFykh5fBlto=
github.com/go-telegram/bot v1.24.0 h1:W/tWeUm8pkVkCGdf0n00fzJD/D31iAJ9RHFvIAZ2G9M=
github.com/go-telegram/bot v1.24.0/go.mod h1:i2TRs7fXWIeaceF3z7KzsMt/he0TwkVC680mvdTFYeM=
github.com/pyed/transmission v1.0.0 h1:nWZh1iJG8Yuc6qQRpQjjHoeIURVg+aGBUz0260hdtaU=
github.com/pyed/transmission v1.0.0/go.mod h1:gFw9Dt7x4EugnXuUDPGe6c4kaHOtOM92oglNJSQNqsQ=
